
Microsoft Visual Studio Solution File, Format Version 12.00
# Visual Studio Version 16
VisualStudioVersion = 16.0.30907.101
MinimumVisualStudioVersion = 10.0.40219.1
Project("{FAE04EC0-301F-11D3-BF4B-00C04F79EFBC}") = "GatewayAPI.WebAPI", "GatewayAPI.WebAPI\GatewayAPI.WebAPI.csproj", "{2DF2A12E-0FF5-41F0-B5F5-665F03325986}"
EndProject
Global
	GlobalSection(SolutionConfigurationPlatforms) = preSolution
		Debug|Any CPU = Debug|Any CPU
		Release|Any CPU = Release|Any CPU
	EndGlobalSection
	GlobalSection(ProjectConfigurationPlatforms) = postSolution
		{2DF2A12E-0FF5-41F0-B5F5-665F03325986}.Debug|Any CPU.ActiveCfg = Debug|Any CPU
		{2DF2A12E-0FF5-41F0-B5F5-665F03325986}.Debug|Any CPU.Build.0 = Debug|Any CPU
		{2DF2A12E-0FF5-41F0-B5F5-665F03325986}.Release|Any CPU.ActiveCfg = Release|Any CPU
		{2DF2A12E-0FF5-41F0-B5F5-665F03325986}.Release|Any CPU.Build.0 = Release|Any CPU
	EndGlobalSection
	GlobalSection(SolutionProperties) = preSolution
		HideSolutionNode = FALSE
	EndGlobalSection
	GlobalSection(ExtensibilityGlobals) = postSolution
		SolutionGuid = {E9642F6B-37B0-42E4-BF3D-06B42E89A826}
	EndGlobalSection
EndGlobal
